
Microsoft Visual Studio Solution File, Format Version 12.00
# Visual Studio Version 17
VisualStudioVersion = 17.0.31903.59
MinimumVisualStudioVersion = 10.0.40219.1
Project("{2150E333-8FDC-42A3-9474-1A3956D46DE8}") = "Application", "Application", "{36D591C7-65C7-A0D1-1CBC-10CDE441BDC8}"
EndProject
Project("{2150E333-8FDC-42A3-9474-1A3956D46DE8}") = "Domain", "Domain", "{48232625-8B18-420E-BB39-BD1B93EEB3CA}"
EndProject
Project("{FAE04EC0-301F-11D3-BF4B-00C04F79EFBC}") = "RentApartments.Domain", "Kurs.Domain\RentApartments.Domain.csproj", "{BA8FB45D-D023-4273-B7B3-769CDBF3E8BB}"
EndProject
Project("{FAE04EC0-301F-11D3-BF4B-00C04F79EFBC}") = "RentApartments.Domain.ValueObjects", "RentApartments.Domain.ValueObj\RentApartments.Domain.ValueObjects.csproj", "{3B17EC79-0319-4780-A336-58EB313B95F1}"
EndProject
Project("{FAE04EC0-301F-11D3-BF4B-00C04F79EFBC}") = "RentApartments.Domain.Repositories.Abstractions", "RentApartments.Domain.Repositories.Abstractions\RentApartments.Domain.Repositories.Abstractions.csproj", "{1D4CEB6D-2BC3-4238-BB98-C16128EEA190}"
EndProject
Project("{FAE04EC0-301F-11D3-BF4B-00C04F79EFBC}") = "RentApartments.Domain.Services", "RentApartments.Domain.Services\RentApartments.Domain.Services.csproj", "{6BAFCB54-7C51-40D8-A238-8084DE5A057C}"
EndProject
Project("{FAE04EC0-301F-11D3-BF4B-00C04F79EFBC}") = "RentApartments.Application.Services", "RentApartments.Application.Services\RentApartments.Application.Services.csproj", "{9535B1F5-6409-4996-985B-89C1D108A40B}"
EndProject
Project("{FAE04EC0-301F-11D3-BF4B-00C04F79EFBC}") = "RentApartments.Application.Models", "RentApartments.Application.Models\RentApartments.Application.Models.csproj", "{CF5C52F7-DA93-4433-89C3-326F679B5EE1}"
EndProject
Project("{2150E333-8FDC-42A3-9474-1A3956D46DE8}") = "Infrastructure", "Infrastructure", "{38474A3F-3FB4-4E09-BE83-AF57C9DC2065}"
EndProject
Project("{FAE04EC0-301F-11D3-BF4B-00C04F79EFBC}") = "RentApartments.Infrastructure.EntityFramework", "RentApartments.Infrastructure.EntityFramework\RentApartments.Infrastructure.EntityFramework.csproj", "{842F833F-58EC-4B0C-BA14-CD420E9067C9}"
EndProject
Project("{2150E333-8FDC-42A3-9474-1A3956D46DE8}") = "Presentation", "Presentation", "{AD07706B-E0BE-4D01-AEC7-8315A42BAE3A}"
EndProject
Project("{FAE04EC0-301F-11D3-BF4B-00C04F79EFBC}") = "ConsoleApp2", "ConsoleApp2\ConsoleApp2.csproj", "{BB5657C8-F91A-4CEA-A9DD-0E3F4FA3182C}"
	ProjectSection(ProjectDependencies) = postProject
		{842F833F-58EC-4B0C-BA14-CD420E9067C9} = {842F833F-58EC-4B0C-BA14-CD420E9067C9}
	EndProjectSection
EndProject
Global
	GlobalSection(SolutionConfigurationPlatforms) = preSolution
		Debug|Any CPU = Debug|Any CPU
		Release|Any CPU = Release|Any CPU
	EndGlobalSection
	GlobalSection(ProjectConfigurationPlatforms) = postSolution
		{BA8FB45D-D023-4273-B7B3-769CDBF3E8BB}.Debug|Any CPU.ActiveCfg = Debug|Any CPU
		{BA8FB45D-D023-4273-B7B3-769CDBF3E8BB}.Debug|Any CPU.Build.0 = Debug|Any CPU
		{BA8FB45D-D023-4273-B7B3-769CDBF3E8BB}.Release|Any CPU.ActiveCfg = Release|Any CPU
		{BA8FB45D-D023-4273-B7B3-769CDBF3E8BB}.Release|Any CPU.Build.0 = Release|Any CPU
		{3B17EC79-0319-4780-A336-58EB313B95F1}.Debug|Any CPU.ActiveCfg = Debug|Any CPU
		{3B17EC79-0319-4780-A336-58EB313B95F1}.Debug|Any CPU.Build.0 = Debug|Any CPU
		{3B17EC79-0319-4780-A336-58EB313B95F1}.Release|Any CPU.ActiveCfg = Release|Any CPU
		{3B17EC79-0319-4780-A336-58EB313B95F1}.Release|Any CPU.Build.0 = Release|Any CPU
		{1D4CEB6D-2BC3-4238-BB98-C16128EEA190}.Debug|Any CPU.ActiveCfg = Debug|Any CPU
		{1D4CEB6D-2BC3-4238-BB98-C16128EEA190}.Debug|Any CPU.Build.0 = Debug|Any CPU
		{1D4CEB6D-2BC3-4238-BB98-C16128EEA190}.Release|Any CPU.ActiveCfg = Release|Any CPU
		{1D4CEB6D-2BC3-4238-BB98-C16128EEA190}.Release|Any CPU.Build.0 = Release|Any CPU
		{6BAFCB54-7C51-40D8-A238-8084DE5A057C}.Debug|Any CPU.ActiveCfg = Debug|Any CPU
		{6BAFCB54-7C51-40D8-A238-8084DE5A057C}.Debug|Any CPU.Build.0 = Debug|Any CPU
		{6BAFCB54-7C51-40D8-A238-8084DE5A057C}.Release|Any CPU.ActiveCfg = Release|Any CPU
		{6BAFCB54-7C51-40D8-A238-8084DE5A057C}.Release|Any CPU.Build.0 = Release|Any CPU
		{9535B1F5-6409-4996-985B-89C1D108A40B}.Debug|Any CPU.ActiveCfg = Debug|Any CPU
		{9535B1F5-6409-4996-985B-89C1D108A40B}.Debug|Any CPU.Build.0 = Debug|Any CPU
		{9535B1F5-6409-4996-985B-89C1D108A40B}.Release|Any CPU.ActiveCfg = Release|Any CPU
		{9535B1F5-6409-4996-985B-89C1D108A40B}.Release|Any CPU.Build.0 = Release|Any CPU
		{CF5C52F7-DA93-4433-89C3-326F679B5EE1}.Debug|Any CPU.ActiveCfg = Debug|Any CPU
		{CF5C52F7-DA93-4433-89C3-326F679B5EE1}.Debug|Any CPU.Build.0 = Debug|Any CPU
		{CF5C52F7-DA93-4433-89C3-326F679B5EE1}.Release|Any CPU.ActiveCfg = Release|Any CPU
		{CF5C52F7-DA93-4433-89C3-326F679B5EE1}.Release|Any CPU.Build.0 = Release|Any CPU
		{842F833F-58EC-4B0C-BA14-CD420E9067C9}.Debug|Any CPU.ActiveCfg = Debug|Any CPU
		{842F833F-58EC-4B0C-BA14-CD420E9067C9}.Debug|Any CPU.Build.0 = Debug|Any CPU
		{842F833F-58EC-4B0C-BA14-CD420E9067C9}.Release|Any CPU.ActiveCfg = Release|Any CPU
		{842F833F-58EC-4B0C-BA14-CD420E9067C9}.Release|Any CPU.Build.0 = Release|Any CPU
		{BB5657C8-F91A-4CEA-A9DD-0E3F4FA3182C}.Debug|Any CPU.ActiveCfg = Debug|Any CPU
		{BB5657C8-F91A-4CEA-A9DD-0E3F4FA3182C}.Debug|Any CPU.Build.0 = Debug|Any CPU
		{BB5657C8-F91A-4CEA-A9DD-0E3F4FA3182C}.Release|Any CPU.ActiveCfg = Release|Any CPU
		{BB5657C8-F91A-4CEA-A9DD-0E3F4FA3182C}.Release|Any CPU.Build.0 = Release|Any CPU
	EndGlobalSection
	GlobalSection(SolutionProperties) = preSolution
		HideSolutionNode = FALSE
	EndGlobalSection
	GlobalSection(NestedProjects) = preSolution
		{BA8FB45D-D023-4273-B7B3-769CDBF3E8BB} = {48232625-8B18-420E-BB39-BD1B93EEB3CA}
		{3B17EC79-0319-4780-A336-58EB313B95F1} = {48232625-8B18-420E-BB39-BD1B93EEB3CA}
		{1D4CEB6D-2BC3-4238-BB98-C16128EEA190} = {48232625-8B18-420E-BB39-BD1B93EEB3CA}
		{6BAFCB54-7C51-40D8-A238-8084DE5A057C} = {48232625-8B18-420E-BB39-BD1B93EEB3CA}
		{9535B1F5-6409-4996-985B-89C1D108A40B} = {36D591C7-65C7-A0D1-1CBC-10CDE441BDC8}
		{CF5C52F7-DA93-4433-89C3-326F679B5EE1} = {36D591C7-65C7-A0D1-1CBC-10CDE441BDC8}
		{842F833F-58EC-4B0C-BA14-CD420E9067C9} = {38474A3F-3FB4-4E09-BE83-AF57C9DC2065}
		{BB5657C8-F91A-4CEA-A9DD-0E3F4FA3182C} = {AD07706B-E0BE-4D01-AEC7-8315A42BAE3A}
	EndGlobalSection
	GlobalSection(ExtensibilityGlobals) = postSolution
		SolutionGuid = {AF4627CD-D617-47E6-BF6F-F1E1601A3426}
	EndGlobalSection
EndGlobal
